
Microsoft Visual Studio Solution File, Format Version 12.00
# Visual Studio Version 17
VisualStudioVersion = 17.14.36109.1 d17.14
MinimumVisualStudioVersion = 10.0.40219.1
Project("{9A19103F-16F7-4668-BE54-9A1E7A4F7556}") = "MemoryPrototype", "MemoryPrototype\MemoryPrototype.csproj", "{F7C23CD0-6C2D-47F8-852F-60EC1DF8A132}"
EndProject
Project("{9A19103F-16F7-4668-BE54-9A1E7A4F7556}") = "Core", "Core\Core.csproj", "{C4E0A776-6F86-456E-A8F7-033436BD5973}"
EndProject
Project("{9A19103F-16F7-4668-BE54-9A1E7A4F7556}") = "Lanes", "Lanes\Lanes.csproj", "{49314412-D694-43C8-AFD3-78725DFF5678}"
EndProject
Project("{9A19103F-16F7-4668-BE54-9A1E7A4F7556}") = "MemoryManager", "MemoryManager\MemoryManager.csproj", "{8BEFFB4F-A4DA-49B0-86D4-3F8510588212}"
EndProject
Project("{2150E333-8FDC-42A3-9474-1A3956D46DE8}") = "Solution Items", "Solution Items", "{E87A4A53-C65F-4455-A5D7-EBF57BDA96A5}"
	ProjectSection(SolutionItems) = preProject
		License.txt = License.txt
	EndProjectSection
EndProject
Project("{FAE04EC0-301F-11D3-BF4B-00C04F79EFBC}") = "MemoryManagerTests", "MemoryManagerTests\MemoryManagerTests.csproj", "{5F98A5C1-32AE-46C6-95C7-974D167F95A4}"
EndProject
Global
	GlobalSection(SolutionConfigurationPlatforms) = preSolution
		Debug|Any CPU = Debug|Any CPU
		Release|Any CPU = Release|Any CPU
	EndGlobalSection
	GlobalSection(ProjectConfigurationPlatforms) = postSolution
		{F7C23CD0-6C2D-47F8-852F-60EC1DF8A132}.Debug|Any CPU.ActiveCfg = Debug|Any CPU
		{F7C23CD0-6C2D-47F8-852F-60EC1DF8A132}.Debug|Any CPU.Build.0 = Debug|Any CPU
		{F7C23CD0-6C2D-47F8-852F-60EC1DF8A132}.Release|Any CPU.ActiveCfg = Release|Any CPU
		{F7C23CD0-6C2D-47F8-852F-60EC1DF8A132}.Release|Any CPU.Build.0 = Release|Any CPU
		{C4E0A776-6F86-456E-A8F7-033436BD5973}.Debug|Any CPU.ActiveCfg = Debug|Any CPU
		{C4E0A776-6F86-456E-A8F7-033436BD5973}.Debug|Any CPU.Build.0 = Debug|Any CPU
		{C4E0A776-6F86-456E-A8F7-033436BD5973}.Release|Any CPU.ActiveCfg = Release|Any CPU
		{C4E0A776-6F86-456E-A8F7-033436BD5973}.Release|Any CPU.Build.0 = Release|Any CPU
		{49314412-D694-43C8-AFD3-78725DFF5678}.Debug|Any CPU.ActiveCfg = Debug|Any CPU
		{49314412-D694-43C8-AFD3-78725DFF5678}.Debug|Any CPU.Build.0 = Debug|Any CPU
		{49314412-D694-43C8-AFD3-78725DFF5678}.Release|Any CPU.ActiveCfg = Release|Any CPU
		{49314412-D694-43C8-AFD3-78725DFF5678}.Release|Any CPU.Build.0 = Release|Any CPU
		{8BEFFB4F-A4DA-49B0-86D4-3F8510588212}.Debug|Any CPU.ActiveCfg = Debug|Any CPU
		{8BEFFB4F-A4DA-49B0-86D4-3F8510588212}.Debug|Any CPU.Build.0 = Debug|Any CPU
		{8BEFFB4F-A4DA-49B0-86D4-3F8510588212}.Release|Any CPU.ActiveCfg = Release|Any CPU
		{8BEFFB4F-A4DA-49B0-86D4-3F8510588212}.Release|Any CPU.Build.0 = Release|Any CPU
		{5F98A5C1-32AE-46C6-95C7-974D167F95A4}.Debug|Any CPU.ActiveCfg = Debug|Any CPU
		{5F98A5C1-32AE-46C6-95C7-974D167F95A4}.Debug|Any CPU.Build.0 = Debug|Any CPU
		{5F98A5C1-32AE-46C6-95C7-974D167F95A4}.Release|Any CPU.ActiveCfg = Release|Any CPU
		{5F98A5C1-32AE-46C6-95C7-974D167F95A4}.Release|Any CPU.Build.0 = Release|Any CPU
	EndGlobalSection
	GlobalSection(SolutionProperties) = preSolution
		HideSolutionNode = FALSE
	EndGlobalSection
	GlobalSection(ExtensibilityGlobals) = postSolution
		SolutionGuid = {97885B0D-9E4C-4D2A-BC2B-5F5E5628E66B}
	EndGlobalSection
EndGlobal
